
Microsoft Visual Studio Solution File, Format Version 12.00
# Visual Studio Version 16
VisualStudioVersion = 16.0.31605.320
MinimumVisualStudioVersion = 10.0.40219.1
Project("{159641D6-6404-4A2A-AE62-294DE0FE8301}") = "Project2", "Project2.dtproj", "{5E9520EB-2B91-4AA5-9E27-46726DFE9DC7}"
EndProject
Global
	GlobalSection(SolutionConfigurationPlatforms) = preSolution
		Development|Default = Development|Default
	EndGlobalSection
	GlobalSection(ProjectConfigurationPlatforms) = postSolution
		{5E9520EB-2B91-4AA5-9E27-46726DFE9DC7}.Development|Default.ActiveCfg = Development
		{5E9520EB-2B91-4AA5-9E27-46726DFE9DC7}.Development|Default.Build.0 = Development
	EndGlobalSection
	GlobalSection(SolutionProperties) = preSolution
		HideSolutionNode = FALSE
	EndGlobalSection
	GlobalSection(ExtensibilityGlobals) = postSolution
		SolutionGuid = {C6DD8FA2-5569-434C-9DA1-A744A392BE6B}
	EndGlobalSection
EndGlobal
